{
    "version": 3,
    "terraform_version": "0.11.5",
    "serial": 14,
    "lineage": "001ac93a-aec0-6f06-c0fb-38e6778e7397",
    "modules": [
        {
            "path": [
                "root"
            ],
            "outputs": {
                "container_name": {
                    "sensitive": false,
                    "type": "string",
                    "value": "blogger"
                },
                "ip": {
                    "sensitive": false,
                    "type": "string",
                    "value": "172.17.0.2"
                }
            },
            "resources": {},
            "depends_on": []
        },
        {
            "path": [
                "root",
                "container"
            ],
            "outputs": {
                "container_name": {
                    "sensitive": false,
                    "type": "string",
                    "value": "blogger"
                },
                "ip": {
                    "sensitive": false,
                    "type": "string",
                    "value": "172.17.0.2"
                }
            },
            "resources": {
                "docker_container.uniq_container_id": {
                    "type": "docker_container",
                    "depends_on": [],
                    "primary": {
                        "id": "c504ac06cf8415ded46a53805b9b7670d2f5ad2577ecfcee22381ff85ae17e54",
                        "attributes": {
                            "attach": "false",
                            "bridge": "",
                            "gateway": "172.17.0.1",
                            "id": "c504ac06cf8415ded46a53805b9b7670d2f5ad2577ecfcee22381ff85ae17e54",
                            "image": "sha256:0e15c0977a092bd76caf1687d05139581f6ae91f8f71edd47d1a31f4506b4dd3",
                            "ip_address": "172.17.0.2",
                            "ip_prefix_length": "16",
                            "log_driver": "json-file",
                            "logs": "false",
                            "must_run": "true",
                            "name": "blogger",
                            "network_data.#": "1",
                            "network_data.0.gateway": "172.17.0.1",
                            "network_data.0.ip_address": "172.17.0.2",
                            "network_data.0.ip_prefix_length": "16",
                            "network_data.0.network_name": "bridge",
                            "ports.#": "1",
                            "ports.0.external": "80",
                            "ports.0.internal": "2368",
                            "ports.0.ip": "0.0.0.0",
                            "ports.0.protocol": "tcp",
                            "restart": "no",
                            "rm": "false",
                            "start": "true"
                        },
                        "meta": {
                            "schema_version": "1"
                        },
                        "tainted": false
                    },
                    "deposed": [],
                    "provider": "provider.docker"
                }
            },
            "depends_on": []
        },
        {
            "path": [
                "root",
                "image"
            ],
            "outputs": {
                "image_out": {
                    "sensitive": false,
                    "type": "string",
                    "value": "sha256:0e15c0977a092bd76caf1687d05139581f6ae91f8f71edd47d1a31f4506b4dd3"
                }
            },
            "resources": {
                "docker_image.uniq_image_id": {
                    "type": "docker_image",
                    "depends_on": [],
                    "primary": {
                        "id": "sha256:0e15c0977a092bd76caf1687d05139581f6ae91f8f71edd47d1a31f4506b4dd3ghost:latest",
                        "attributes": {
                            "id": "sha256:0e15c0977a092bd76caf1687d05139581f6ae91f8f71edd47d1a31f4506b4dd3ghost:latest",
                            "latest": "sha256:0e15c0977a092bd76caf1687d05139581f6ae91f8f71edd47d1a31f4506b4dd3",
                            "name": "ghost:latest"
                        },
                        "meta": {},
                        "tainted": false
                    },
                    "deposed": [],
                    "provider": "provider.docker"
                }
            },
            "depends_on": []
        }
    ]
}
